
Microsoft Visual Studio Solution File, Format Version 12.00
# Visual Studio Version 17
VisualStudioVersion = 17.5.2.0
MinimumVisualStudioVersion = 10.0.40219.1
Project("{2150E333-8FDC-42A3-9474-1A3956D46DE8}") = "src", "src", "{827E0CD3-B72D-47B6-A68D-7590B98EB39B}"
EndProject
Project("{FAE04EC0-301F-11D3-BF4B-00C04F79EFBC}") = "ClimateApi", "src\ClimateApi\ClimateApi.csproj", "{F08AEB5D-6881-1845-B356-273C29539C51}"
EndProject
Project("{FAE04EC0-301F-11D3-BF4B-00C04F79EFBC}") = "ClimateApi.Db", "src\ClimateApi.Db\ClimateApi.Db.csproj", "{2930400A-ECC9-48BF-12E5-D07C7333707F}"
EndProject
Project("{2150E333-8FDC-42A3-9474-1A3956D46DE8}") = "test", "test", "{0C88DD14-F956-CE84-757C-A364CCF449FC}"
EndProject
Project("{FAE04EC0-301F-11D3-BF4B-00C04F79EFBC}") = "ClimateApi.Tests", "test\ClimateApi.Tests\ClimateApi.Tests.csproj", "{3D7912BE-3941-422E-AAE8-AA98E424170A}"
EndProject
Project("{FAE04EC0-301F-11D3-BF4B-00C04F79EFBC}") = "ClimateApi.Core", "src\ClimateApi.Core\ClimateApi.Core.csproj", "{EA9B5B85-1F07-466B-9857-C2C2E8E32EAA}"
EndProject
Global
	GlobalSection(SolutionConfigurationPlatforms) = preSolution
		Debug|Any CPU = Debug|Any CPU
		Debug|x64 = Debug|x64
		Debug|x86 = Debug|x86
		Release|Any CPU = Release|Any CPU
		Release|x64 = Release|x64
		Release|x86 = Release|x86
	EndGlobalSection
	GlobalSection(ProjectConfigurationPlatforms) = postSolution
		{F08AEB5D-6881-1845-B356-273C29539C51}.Debug|Any CPU.ActiveCfg = Debug|Any CPU
		{F08AEB5D-6881-1845-B356-273C29539C51}.Debug|Any CPU.Build.0 = Debug|Any CPU
		{F08AEB5D-6881-1845-B356-273C29539C51}.Debug|x64.ActiveCfg = Debug|Any CPU
		{F08AEB5D-6881-1845-B356-273C29539C51}.Debug|x64.Build.0 = Debug|Any CPU
		{F08AEB5D-6881-1845-B356-273C29539C51}.Debug|x86.ActiveCfg = Debug|Any CPU
		{F08AEB5D-6881-1845-B356-273C29539C51}.Debug|x86.Build.0 = Debug|Any CPU
		{F08AEB5D-6881-1845-B356-273C29539C51}.Release|Any CPU.ActiveCfg = Release|Any CPU
		{F08AEB5D-6881-1845-B356-273C29539C51}.Release|Any CPU.Build.0 = Release|Any CPU
		{F08AEB5D-6881-1845-B356-273C29539C51}.Release|x64.ActiveCfg = Release|Any CPU
		{F08AEB5D-6881-1845-B356-273C29539C51}.Release|x64.Build.0 = Release|Any CPU
		{F08AEB5D-6881-1845-B356-273C29539C51}.Release|x86.ActiveCfg = Release|Any CPU
		{F08AEB5D-6881-1845-B356-273C29539C51}.Release|x86.Build.0 = Release|Any CPU
		{2930400A-ECC9-48BF-12E5-D07C7333707F}.Debug|Any CPU.ActiveCfg = Debug|Any CPU
		{2930400A-ECC9-48BF-12E5-D07C7333707F}.Debug|Any CPU.Build.0 = Debug|Any CPU
		{2930400A-ECC9-48BF-12E5-D07C7333707F}.Debug|x64.ActiveCfg = Debug|Any CPU
		{2930400A-ECC9-48BF-12E5-D07C7333707F}.Debug|x64.Build.0 = Debug|Any CPU
		{2930400A-ECC9-48BF-12E5-D07C7333707F}.Debug|x86.ActiveCfg = Debug|Any CPU
		{2930400A-ECC9-48BF-12E5-D07C7333707F}.Debug|x86.Build.0 = Debug|Any CPU
		{2930400A-ECC9-48BF-12E5-D07C7333707F}.Release|Any CPU.ActiveCfg = Release|Any CPU
		{2930400A-ECC9-48BF-12E5-D07C7333707F}.Release|Any CPU.Build.0 = Release|Any CPU
		{2930400A-ECC9-48BF-12E5-D07C7333707F}.Release|x64.ActiveCfg = Release|Any CPU
		{2930400A-ECC9-48BF-12E5-D07C7333707F}.Release|x64.Build.0 = Release|Any CPU
		{2930400A-ECC9-48BF-12E5-D07C7333707F}.Release|x86.ActiveCfg = Release|Any CPU
		{2930400A-ECC9-48BF-12E5-D07C7333707F}.Release|x86.Build.0 = Release|Any CPU
		{3D7912BE-3941-422E-AAE8-AA98E424170A}.Debug|Any CPU.ActiveCfg = Debug|Any CPU
		{3D7912BE-3941-422E-AAE8-AA98E424170A}.Debug|Any CPU.Build.0 = Debug|Any CPU
		{3D7912BE-3941-422E-AAE8-AA98E424170A}.Debug|x64.ActiveCfg = Debug|Any CPU
		{3D7912BE-3941-422E-AAE8-AA98E424170A}.Debug|x64.Build.0 = Debug|Any CPU
		{3D7912BE-3941-422E-AAE8-AA98E424170A}.Debug|x86.ActiveCfg = Debug|Any CPU
		{3D7912BE-3941-422E-AAE8-AA98E424170A}.Debug|x86.Build.0 = Debug|Any CPU
		{3D7912BE-3941-422E-AAE8-AA98E424170A}.Release|Any CPU.ActiveCfg = Release|Any CPU
		{3D7912BE-3941-422E-AAE8-AA98E424170A}.Release|Any CPU.Build.0 = Release|Any CPU
		{3D7912BE-3941-422E-AAE8-AA98E424170A}.Release|x64.ActiveCfg = Release|Any CPU
		{3D7912BE-3941-422E-AAE8-AA98E424170A}.Release|x64.Build.0 = Release|Any CPU
		{3D7912BE-3941-422E-AAE8-AA98E424170A}.Release|x86.ActiveCfg = Release|Any CPU
		{3D7912BE-3941-422E-AAE8-AA98E424170A}.Release|x86.Build.0 = Release|Any CPU
		{EA9B5B85-1F07-466B-9857-C2C2E8E32EAA}.Debug|Any CPU.ActiveCfg = Debug|Any CPU
		{EA9B5B85-1F07-466B-9857-C2C2E8E32EAA}.Debug|Any CPU.Build.0 = Debug|Any CPU
		{EA9B5B85-1F07-466B-9857-C2C2E8E32EAA}.Debug|x64.ActiveCfg = Debug|Any CPU
		{EA9B5B85-1F07-466B-9857-C2C2E8E32EAA}.Debug|x64.Build.0 = Debug|Any CPU
		{EA9B5B85-1F07-466B-9857-C2C2E8E32EAA}.Debug|x86.ActiveCfg = Debug|Any CPU
		{EA9B5B85-1F07-466B-9857-C2C2E8E32EAA}.Debug|x86.Build.0 = Debug|Any CPU
		{EA9B5B85-1F07-466B-9857-C2C2E8E32EAA}.Release|Any CPU.ActiveCfg = Release|Any CPU
		{EA9B5B85-1F07-466B-9857-C2C2E8E32EAA}.Release|Any CPU.Build.0 = Release|Any CPU
		{EA9B5B85-1F07-466B-9857-C2C2E8E32EAA}.Release|x64.ActiveCfg = Release|Any CPU
		{EA9B5B85-1F07-466B-9857-C2C2E8E32EAA}.Release|x64.Build.0 = Release|Any CPU
		{EA9B5B85-1F07-466B-9857-C2C2E8E32EAA}.Release|x86.ActiveCfg = Release|Any CPU
		{EA9B5B85-1F07-466B-9857-C2C2E8E32EAA}.Release|x86.Build.0 = Release|Any CPU
	EndGlobalSection
	GlobalSection(SolutionProperties) = preSolution
		HideSolutionNode = FALSE
	EndGlobalSection
	GlobalSection(NestedProjects) = preSolution
		{F08AEB5D-6881-1845-B356-273C29539C51} = {827E0CD3-B72D-47B6-A68D-7590B98EB39B}
		{2930400A-ECC9-48BF-12E5-D07C7333707F} = {827E0CD3-B72D-47B6-A68D-7590B98EB39B}
		{3D7912BE-3941-422E-AAE8-AA98E424170A} = {0C88DD14-F956-CE84-757C-A364CCF449FC}
		{EA9B5B85-1F07-466B-9857-C2C2E8E32EAA} = {827E0CD3-B72D-47B6-A68D-7590B98EB39B}
	EndGlobalSection
	GlobalSection(ExtensibilityGlobals) = postSolution
		SolutionGuid = {09A97843-6F2D-4129-8DCA-00FC41624445}
	EndGlobalSection
EndGlobal
